
Microsoft Visual Studio Solution File, Format Version 12.00
# Visual Studio 15
VisualStudioVersion = 15.0.26403.7
MinimumVisualStudioVersion = 10.0.40219.1
Project("{FAE04EC0-301F-11D3-BF4B-00C04F79EFBC}") = "iMessV2", "iMessV2.csproj", "{9E56D05C-27FD-4073-B12C-9A2E56A54DEC}"
EndProject
Project("{FAE04EC0-301F-11D3-BF4B-00C04F79EFBC}") = "MyStruct", "MyStruct\MyStruct.csproj", "{884A05CA-33B9-47A7-9DC0-AB6E8B00132F}"
EndProject
Project("{FAE04EC0-301F-11D3-BF4B-00C04F79EFBC}") = "ServerMess", "ServerMess\ServerMess.csproj", "{F3676787-ACA2-4427-8657-6DAB4FD884C6}"
EndProject
Project("{FAE04EC0-301F-11D3-BF4B-00C04F79EFBC}") = "iMessClientV3", "..\iMessClientV3\iMessClientV3.csproj", "{676CD756-742B-466E-A7F9-DA6B426538CF}"
EndProject
Project("{FAE04EC0-301F-11D3-BF4B-00C04F79EFBC}") = "iMessServerV4", "iMessServerV4\iMessServerV4.csproj", "{F28DFB33-9BDE-4DC2-A188-C422B7AB3CEA}"
EndProject
Project("{FAE04EC0-301F-11D3-BF4B-00C04F79EFBC}") = "iMessServerV3", "iMessServerV3\iMessServerV3.csproj", "{EFFC5309-7ABE-4751-88BA-E1D8CFF19444}"
EndProject
Global
	GlobalSection(SolutionConfigurationPlatforms) = preSolution
		Debug|Any CPU = Debug|Any CPU
		Debug|ARM = Debug|ARM
		Debug|x64 = Debug|x64
		Debug|x86 = Debug|x86
		Release|Any CPU = Release|Any CPU
		Release|ARM = Release|ARM
		Release|x64 = Release|x64
		Release|x86 = Release|x86
	EndGlobalSection
	GlobalSection(ProjectConfigurationPlatforms) = postSolution
		{9E56D05C-27FD-4073-B12C-9A2E56A54DEC}.Debug|Any CPU.ActiveCfg = Debug|Any CPU
		{9E56D05C-27FD-4073-B12C-9A2E56A54DEC}.Debug|Any CPU.Build.0 = Debug|Any CPU
		{9E56D05C-27FD-4073-B12C-9A2E56A54DEC}.Debug|ARM.ActiveCfg = Debug|Any CPU
		{9E56D05C-27FD-4073-B12C-9A2E56A54DEC}.Debug|ARM.Build.0 = Debug|Any CPU
		{9E56D05C-27FD-4073-B12C-9A2E56A54DEC}.Debug|x64.ActiveCfg = Debug|Any CPU
		{9E56D05C-27FD-4073-B12C-9A2E56A54DEC}.Debug|x64.Build.0 = Debug|Any CPU
		{9E56D05C-27FD-4073-B12C-9A2E56A54DEC}.Debug|x86.ActiveCfg = Debug|Any CPU
		{9E56D05C-27FD-4073-B12C-9A2E56A54DEC}.Debug|x86.Build.0 = Debug|Any CPU
		{9E56D05C-27FD-4073-B12C-9A2E56A54DEC}.Release|Any CPU.ActiveCfg = Release|Any CPU
		{9E56D05C-27FD-4073-B12C-9A2E56A54DEC}.Release|Any CPU.Build.0 = Release|Any CPU
		{9E56D05C-27FD-4073-B12C-9A2E56A54DEC}.Release|ARM.ActiveCfg = Release|Any CPU
		{9E56D05C-27FD-4073-B12C-9A2E56A54DEC}.Release|ARM.Build.0 = Release|Any CPU
		{9E56D05C-27FD-4073-B12C-9A2E56A54DEC}.Release|x64.ActiveCfg = Release|Any CPU
		{9E56D05C-27FD-4073-B12C-9A2E56A54DEC}.Release|x64.Build.0 = Release|Any CPU
		{9E56D05C-27FD-4073-B12C-9A2E56A54DEC}.Release|x86.ActiveCfg = Release|Any CPU
		{9E56D05C-27FD-4073-B12C-9A2E56A54DEC}.Release|x86.Build.0 = Release|Any CPU
		{884A05CA-33B9-47A7-9DC0-AB6E8B00132F}.Debug|Any CPU.ActiveCfg = Debug|Any CPU
		{884A05CA-33B9-47A7-9DC0-AB6E8B00132F}.Debug|Any CPU.Build.0 = Debug|Any CPU
		{884A05CA-33B9-47A7-9DC0-AB6E8B00132F}.Debug|ARM.ActiveCfg = Debug|Any CPU
		{884A05CA-33B9-47A7-9DC0-AB6E8B00132F}.Debug|ARM.Build.0 = Debug|Any CPU
		{884A05CA-33B9-47A7-9DC0-AB6E8B00132F}.Debug|x64.ActiveCfg = Debug|Any CPU
		{884A05CA-33B9-47A7-9DC0-AB6E8B00132F}.Debug|x64.Build.0 = Debug|Any CPU
		{884A05CA-33B9-47A7-9DC0-AB6E8B00132F}.Debug|x86.ActiveCfg = Debug|Any CPU
		{884A05CA-33B9-47A7-9DC0-AB6E8B00132F}.Debug|x86.Build.0 = Debug|Any CPU
		{884A05CA-33B9-47A7-9DC0-AB6E8B00132F}.Release|Any CPU.ActiveCfg = Release|Any CPU
		{884A05CA-33B9-47A7-9DC0-AB6E8B00132F}.Release|Any CPU.Build.0 = Release|Any CPU
		{884A05CA-33B9-47A7-9DC0-AB6E8B00132F}.Release|ARM.ActiveCfg = Release|Any CPU
		{884A05CA-33B9-47A7-9DC0-AB6E8B00132F}.Release|ARM.Build.0 = Release|Any CPU
		{884A05CA-33B9-47A7-9DC0-AB6E8B00132F}.Release|x64.ActiveCfg = Release|Any CPU
		{884A05CA-33B9-47A7-9DC0-AB6E8B00132F}.Release|x64.Build.0 = Release|Any CPU
		{884A05CA-33B9-47A7-9DC0-AB6E8B00132F}.Release|x86.ActiveCfg = Release|Any CPU
		{884A05CA-33B9-47A7-9DC0-AB6E8B00132F}.Release|x86.Build.0 = Release|Any CPU
		{F3676787-ACA2-4427-8657-6DAB4FD884C6}.Debug|Any CPU.ActiveCfg = Debug|Any CPU
		{F3676787-ACA2-4427-8657-6DAB4FD884C6}.Debug|Any CPU.Build.0 = Debug|Any CPU
		{F3676787-ACA2-4427-8657-6DAB4FD884C6}.Debug|ARM.ActiveCfg = Debug|Any CPU
		{F3676787-ACA2-4427-8657-6DAB4FD884C6}.Debug|ARM.Build.0 = Debug|Any CPU
		{F3676787-ACA2-4427-8657-6DAB4FD884C6}.Debug|x64.ActiveCfg = Debug|Any CPU
		{F3676787-ACA2-4427-8657-6DAB4FD884C6}.Debug|x64.Build.0 = Debug|Any CPU
		{F3676787-ACA2-4427-8657-6DAB4FD884C6}.Debug|x86.ActiveCfg = Debug|Any CPU
		{F3676787-ACA2-4427-8657-6DAB4FD884C6}.Debug|x86.Build.0 = Debug|Any CPU
		{F3676787-ACA2-4427-8657-6DAB4FD884C6}.Release|Any CPU.ActiveCfg = Release|Any CPU
		{F3676787-ACA2-4427-8657-6DAB4FD884C6}.Release|Any CPU.Build.0 = Release|Any CPU
		{F3676787-ACA2-4427-8657-6DAB4FD884C6}.Release|ARM.ActiveCfg = Release|Any CPU
		{F3676787-ACA2-4427-8657-6DAB4FD884C6}.Release|ARM.Build.0 = Release|Any CPU
		{F3676787-ACA2-4427-8657-6DAB4FD884C6}.Release|x64.ActiveCfg = Release|Any CPU
		{F3676787-ACA2-4427-8657-6DAB4FD884C6}.Release|x64.Build.0 = Release|Any CPU
		{F3676787-ACA2-4427-8657-6DAB4FD884C6}.Release|x86.ActiveCfg = Release|Any CPU
		{F3676787-ACA2-4427-8657-6DAB4FD884C6}.Release|x86.Build.0 = Release|Any CPU
		{676CD756-742B-466E-A7F9-DA6B426538CF}.Debug|Any CPU.ActiveCfg = Debug|Any CPU
		{676CD756-742B-466E-A7F9-DA6B426538CF}.Debug|Any CPU.Build.0 = Debug|Any CPU
		{676CD756-742B-466E-A7F9-DA6B426538CF}.Debug|ARM.ActiveCfg = Debug|Any CPU
		{676CD756-742B-466E-A7F9-DA6B426538CF}.Debug|ARM.Build.0 = Debug|Any CPU
		{676CD756-742B-466E-A7F9-DA6B426538CF}.Debug|x64.ActiveCfg = Debug|Any CPU
		{676CD756-742B-466E-A7F9-DA6B426538CF}.Debug|x64.Build.0 = Debug|Any CPU
		{676CD756-742B-466E-A7F9-DA6B426538CF}.Debug|x86.ActiveCfg = Debug|Any CPU
		{676CD756-742B-466E-A7F9-DA6B426538CF}.Debug|x86.Build.0 = Debug|Any CPU
		{676CD756-742B-466E-A7F9-DA6B426538CF}.Release|Any CPU.ActiveCfg = Release|Any CPU
		{676CD756-742B-466E-A7F9-DA6B426538CF}.Release|Any CPU.Build.0 = Release|Any CPU
		{676CD756-742B-466E-A7F9-DA6B426538CF}.Release|ARM.ActiveCfg = Release|Any CPU
		{676CD756-742B-466E-A7F9-DA6B426538CF}.Release|ARM.Build.0 = Release|Any CPU
		{676CD756-742B-466E-A7F9-DA6B426538CF}.Release|x64.ActiveCfg = Release|Any CPU
		{676CD756-742B-466E-A7F9-DA6B426538CF}.Release|x64.Build.0 = Release|Any CPU
		{676CD756-742B-466E-A7F9-DA6B426538CF}.Release|x86.ActiveCfg = Release|Any CPU
		{676CD756-742B-466E-A7F9-DA6B426538CF}.Release|x86.Build.0 = Release|Any CPU
		{F28DFB33-9BDE-4DC2-A188-C422B7AB3CEA}.Debug|Any CPU.ActiveCfg = Debug|Any CPU
		{F28DFB33-9BDE-4DC2-A188-C422B7AB3CEA}.Debug|Any CPU.Build.0 = Debug|Any CPU
		{F28DFB33-9BDE-4DC2-A188-C422B7AB3CEA}.Debug|ARM.ActiveCfg = Debug|Any CPU
		{F28DFB33-9BDE-4DC2-A188-C422B7AB3CEA}.Debug|ARM.Build.0 = Debug|Any CPU
		{F28DFB33-9BDE-4DC2-A188-C422B7AB3CEA}.Debug|x64.ActiveCfg = Debug|Any CPU
		{F28DFB33-9BDE-4DC2-A188-C422B7AB3CEA}.Debug|x64.Build.0 = Debug|Any CPU
		{F28DFB33-9BDE-4DC2-A188-C422B7AB3CEA}.Debug|x86.ActiveCfg = Debug|Any CPU
		{F28DFB33-9BDE-4DC2-A188-C422B7AB3CEA}.Debug|x86.Build.0 = Debug|Any CPU
		{F28DFB33-9BDE-4DC2-A188-C422B7AB3CEA}.Release|Any CPU.ActiveCfg = Release|Any CPU
		{F28DFB33-9BDE-4DC2-A188-C422B7AB3CEA}.Release|Any CPU.Build.0 = Release|Any CPU
		{F28DFB33-9BDE-4DC2-A188-C422B7AB3CEA}.Release|ARM.ActiveCfg = Release|Any CPU
		{F28DFB33-9BDE-4DC2-A188-C422B7AB3CEA}.Release|ARM.Build.0 = Release|Any CPU
		{F28DFB33-9BDE-4DC2-A188-C422B7AB3CEA}.Release|x64.ActiveCfg = Release|Any CPU
		{F28DFB33-9BDE-4DC2-A188-C422B7AB3CEA}.Release|x64.Build.0 = Release|Any CPU
		{F28DFB33-9BDE-4DC2-A188-C422B7AB3CEA}.Release|x86.ActiveCfg = Release|Any CPU
		{F28DFB33-9BDE-4DC2-A188-C422B7AB3CEA}.Release|x86.Build.0 = Release|Any CPU
		{EFFC5309-7ABE-4751-88BA-E1D8CFF19444}.Debug|Any CPU.ActiveCfg = Debug|Any CPU
		{EFFC5309-7ABE-4751-88BA-E1D8CFF19444}.Debug|Any CPU.Build.0 = Debug|Any CPU
		{EFFC5309-7ABE-4751-88BA-E1D8CFF19444}.Debug|ARM.ActiveCfg = Debug|Any CPU
		{EFFC5309-7ABE-4751-88BA-E1D8CFF19444}.Debug|ARM.Build.0 = Debug|Any CPU
		{EFFC5309-7ABE-4751-88BA-E1D8CFF19444}.Debug|x64.ActiveCfg = Debug|Any CPU
		{EFFC5309-7ABE-4751-88BA-E1D8CFF19444}.Debug|x64.Build.0 = Debug|Any CPU
		{EFFC5309-7ABE-4751-88BA-E1D8CFF19444}.Debug|x86.ActiveCfg = Debug|Any CPU
		{EFFC5309-7ABE-4751-88BA-E1D8CFF19444}.Debug|x86.Build.0 = Debug|Any CPU
		{EFFC5309-7ABE-4751-88BA-E1D8CFF19444}.Release|Any CPU.ActiveCfg = Release|Any CPU
		{EFFC5309-7ABE-4751-88BA-E1D8CFF19444}.Release|Any CPU.Build.0 = Release|Any CPU
		{EFFC5309-7ABE-4751-88BA-E1D8CFF19444}.Release|ARM.ActiveCfg = Release|Any CPU
		{EFFC5309-7ABE-4751-88BA-E1D8CFF19444}.Release|ARM.Build.0 = Release|Any CPU
		{EFFC5309-7ABE-4751-88BA-E1D8CFF19444}.Release|x64.ActiveCfg = Release|Any CPU
		{EFFC5309-7ABE-4751-88BA-E1D8CFF19444}.Release|x64.Build.0 = Release|Any CPU
		{EFFC5309-7ABE-4751-88BA-E1D8CFF19444}.Release|x86.ActiveCfg = Release|Any CPU
		{EFFC5309-7ABE-4751-88BA-E1D8CFF19444}.Release|x86.Build.0 = Release|Any CPU
	EndGlobalSection
	GlobalSection(SolutionProperties) = preSolution
		HideSolutionNode = FALSE
	EndGlobalSection
EndGlobal
